
Microsoft Visual Studio Solution File, Format Version 12.00
# Visual Studio Version 17
VisualStudioVersion = 17.2.32526.322
MinimumVisualStudioVersion = 10.0.40219.1
Project("{9A19103F-16F7-4668-BE54-9A1E7A4F7556}") = "WebAppTrial", "WebAppTrial\WebAppTrial.csproj", "{EDC95640-F78F-4CBD-83B4-7C8695E18BD2}"
EndProject
Project("{FAE04EC0-301F-11D3-BF4B-00C04F79EFBC}") = "WebAppMVC", "WebAppMVC\WebAppMVC.csproj", "{533FF45F-2497-4F93-B6CF-93183F9C88EE}"
EndProject
Project("{FAE04EC0-301F-11D3-BF4B-00C04F79EFBC}") = "SqlApp", "SqlApp\SqlApp.csproj", "{DBC9EE93-B45F-475A-B5F7-F3F7A514D07A}"
EndProject
Project("{FAE04EC0-301F-11D3-BF4B-00C04F79EFBC}") = "WebAppGithub", "WebAppGithub\WebAppGithub.csproj", "{E1FE02FC-F12C-41BB-B237-C267C1184E1E}"
EndProject
Global
	GlobalSection(SolutionConfigurationPlatforms) = preSolution
		Debug|Any CPU = Debug|Any CPU
		Release|Any CPU = Release|Any CPU
	EndGlobalSection
	GlobalSection(ProjectConfigurationPlatforms) = postSolution
		{EDC95640-F78F-4CBD-83B4-7C8695E18BD2}.Debug|Any CPU.ActiveCfg = Debug|Any CPU
		{EDC95640-F78F-4CBD-83B4-7C8695E18BD2}.Debug|Any CPU.Build.0 = Debug|Any CPU
		{EDC95640-F78F-4CBD-83B4-7C8695E18BD2}.Release|Any CPU.ActiveCfg = Release|Any CPU
		{EDC95640-F78F-4CBD-83B4-7C8695E18BD2}.Release|Any CPU.Build.0 = Release|Any CPU
		{533FF45F-2497-4F93-B6CF-93183F9C88EE}.Debug|Any CPU.ActiveCfg = Debug|Any CPU
		{533FF45F-2497-4F93-B6CF-93183F9C88EE}.Debug|Any CPU.Build.0 = Debug|Any CPU
		{533FF45F-2497-4F93-B6CF-93183F9C88EE}.Release|Any CPU.ActiveCfg = Release|Any CPU
		{533FF45F-2497-4F93-B6CF-93183F9C88EE}.Release|Any CPU.Build.0 = Release|Any CPU
		{DBC9EE93-B45F-475A-B5F7-F3F7A514D07A}.Debug|Any CPU.ActiveCfg = Debug|Any CPU
		{DBC9EE93-B45F-475A-B5F7-F3F7A514D07A}.Debug|Any CPU.Build.0 = Debug|Any CPU
		{DBC9EE93-B45F-475A-B5F7-F3F7A514D07A}.Release|Any CPU.ActiveCfg = Release|Any CPU
		{DBC9EE93-B45F-475A-B5F7-F3F7A514D07A}.Release|Any CPU.Build.0 = Release|Any CPU
		{E1FE02FC-F12C-41BB-B237-C267C1184E1E}.Debug|Any CPU.ActiveCfg = Debug|Any CPU
		{E1FE02FC-F12C-41BB-B237-C267C1184E1E}.Debug|Any CPU.Build.0 = Debug|Any CPU
		{E1FE02FC-F12C-41BB-B237-C267C1184E1E}.Release|Any CPU.ActiveCfg = Release|Any CPU
		{E1FE02FC-F12C-41BB-B237-C267C1184E1E}.Release|Any CPU.Build.0 = Release|Any CPU
	EndGlobalSection
	GlobalSection(SolutionProperties) = preSolution
		HideSolutionNode = FALSE
	EndGlobalSection
	GlobalSection(ExtensibilityGlobals) = postSolution
		SolutionGuid = {B021037F-55EC-4961-B3FD-00121959984F}
	EndGlobalSection
EndGlobal
